
Microsoft Visual Studio Solution File, Format Version 12.00
# Visual Studio 15
VisualStudioVersion = 15.0.28307.438
MinimumVisualStudioVersion = 10.0.40219.1
Project("{FAE04EC0-301F-11D3-BF4B-00C04F79EFBC}") = "WebThueXe", "WebThueXe\WebThueXe.csproj", "{177C0BCE-4F8E-4A01-971C-73FCA52F40E2}"
EndProject
Project("{FAE04EC0-301F-11D3-BF4B-00C04F79EFBC}") = "Model", "Model\Model.csproj", "{B84C5DEB-C6F1-4857-ADBB-491B8A5452EE}"
EndProject
Project("{FAE04EC0-301F-11D3-BF4B-00C04F79EFBC}") = "Common", "Common\Common.csproj", "{B213256F-0688-4972-9DF2-E52F620D6B0F}"
EndProject
Global
	GlobalSection(SolutionConfigurationPlatforms) = preSolution
		Debug|Any CPU = Debug|Any CPU
		Release|Any CPU = Release|Any CPU
	EndGlobalSection
	GlobalSection(ProjectConfigurationPlatforms) = postSolution
		{177C0BCE-4F8E-4A01-971C-73FCA52F40E2}.Debug|Any CPU.ActiveCfg = Debug|Any CPU
		{177C0BCE-4F8E-4A01-971C-73FCA52F40E2}.Debug|Any CPU.Build.0 = Debug|Any CPU
		{177C0BCE-4F8E-4A01-971C-73FCA52F40E2}.Release|Any CPU.ActiveCfg = Release|Any CPU
		{177C0BCE-4F8E-4A01-971C-73FCA52F40E2}.Release|Any CPU.Build.0 = Release|Any CPU
		{B84C5DEB-C6F1-4857-ADBB-491B8A5452EE}.Debug|Any CPU.ActiveCfg = Debug|Any CPU
		{B84C5DEB-C6F1-4857-ADBB-491B8A5452EE}.Debug|Any CPU.Build.0 = Debug|Any CPU
		{B84C5DEB-C6F1-4857-ADBB-491B8A5452EE}.Release|Any CPU.ActiveCfg = Release|Any CPU
		{B84C5DEB-C6F1-4857-ADBB-491B8A5452EE}.Release|Any CPU.Build.0 = Release|Any CPU
		{B213256F-0688-4972-9DF2-E52F620D6B0F}.Debug|Any CPU.ActiveCfg = Debug|Any CPU
		{B213256F-0688-4972-9DF2-E52F620D6B0F}.Debug|Any CPU.Build.0 = Debug|Any CPU
		{B213256F-0688-4972-9DF2-E52F620D6B0F}.Release|Any CPU.ActiveCfg = Release|Any CPU
		{B213256F-0688-4972-9DF2-E52F620D6B0F}.Release|Any CPU.Build.0 = Release|Any CPU
	EndGlobalSection
	GlobalSection(SolutionProperties) = preSolution
		HideSolutionNode = FALSE
	EndGlobalSection
	GlobalSection(ExtensibilityGlobals) = postSolution
		SolutionGuid = {0B9A4D64-277F-4651-A15F-BA3E68A6BC61}
	EndGlobalSection
EndGlobal
